
Microsoft Visual Studio Solution File, Format Version 12.00
# Visual Studio 14
VisualStudioVersion = 14.0.25420.1
MinimumVisualStudioVersion = 10.0.40219.1
Project("{D954291E-2A0B-460D-934E-DC6B0785DB48}") = "FirstProject", "FirstProject\FirstProject\FirstProject.shproj", "{FAE47A29-AFEA-4A26-B411-F0EE746CC081}"
EndProject
Project("{FAE04EC0-301F-11D3-BF4B-00C04F79EFBC}") = "FirstProject.Droid", "FirstProject\FirstProject.Droid\FirstProject.Droid.csproj", "{812FC00C-040D-4A9E-B928-14A135F3981A}"
EndProject
Project("{FAE04EC0-301F-11D3-BF4B-00C04F79EFBC}") = "FirstProject.iOS", "FirstProject\FirstProject.iOS\FirstProject.iOS.csproj", "{1BBCF47C-1874-48FA-BE3D-50A7C1FB5B78}"
EndProject
Project("{FAE04EC0-301F-11D3-BF4B-00C04F79EFBC}") = "FirstProject.WinPhone", "FirstProject\FirstProject.WinPhone\FirstProject.WinPhone.csproj", "{1775D417-D404-446B-AC4F-CDFAA51A3EEC}"
EndProject
Project("{FAE04EC0-301F-11D3-BF4B-00C04F79EFBC}") = "FirstProject.UWP", "FirstProject\FirstProject.UWP\FirstProject.UWP.csproj", "{DA563F1B-E3E3-4762-92FD-4B4CC5513238}"
EndProject
Project("{FAE04EC0-301F-11D3-BF4B-00C04F79EFBC}") = "FirstProject.Windows", "FirstProject\FirstProject.Windows\FirstProject.Windows.csproj", "{B3DC8F46-FC5A-4879-B0B4-F407CBE84EBD}"
EndProject
Global
	GlobalSection(SharedMSBuildProjectFiles) = preSolution
		FirstProject\FirstProject\FirstProject.projitems*{1bbcf47c-1874-48fa-be3d-50a7c1fb5b78}*SharedItemsImports = 4
		FirstProject\FirstProject\FirstProject.projitems*{812fc00c-040d-4a9e-b928-14a135f3981a}*SharedItemsImports = 4
		FirstProject\FirstProject\FirstProject.projitems*{fae47a29-afea-4a26-b411-f0ee746cc081}*SharedItemsImports = 13
	EndGlobalSection
	GlobalSection(SolutionConfigurationPlatforms) = preSolution
		Ad-Hoc|Any CPU = Ad-Hoc|Any CPU
		Ad-Hoc|ARM = Ad-Hoc|ARM
		Ad-Hoc|iPhone = Ad-Hoc|iPhone
		Ad-Hoc|iPhoneSimulator = Ad-Hoc|iPhoneSimulator
		Ad-Hoc|x64 = Ad-Hoc|x64
		Ad-Hoc|x86 = Ad-Hoc|x86
		AppStore|Any CPU = AppStore|Any CPU
		AppStore|ARM = AppStore|ARM
		AppStore|iPhone = AppStore|iPhone
		AppStore|iPhoneSimulator = AppStore|iPhoneSimulator
		AppStore|x64 = AppStore|x64
		AppStore|x86 = AppStore|x86
		Debug|Any CPU = Debug|Any CPU
		Debug|ARM = Debug|ARM
		Debug|iPhone = Debug|iPhone
		Debug|iPhoneSimulator = Debug|iPhoneSimulator
		Debug|x64 = Debug|x64
		Debug|x86 = Debug|x86
		Release|Any CPU = Release|Any CPU
		Release|ARM = Release|ARM
		Release|iPhone = Release|iPhone
		Release|iPhoneSimulator = Release|iPhoneSimulator
		Release|x64 = Release|x64
		Release|x86 = Release|x86
	EndGlobalSection
	GlobalSection(ProjectConfigurationPlatforms) = postSolution
		{812FC00C-040D-4A9E-B928-14A135F3981A}.Ad-Hoc|Any CPU.ActiveCfg = Release|Any CPU
		{812FC00C-040D-4A9E-B928-14A135F3981A}.Ad-Hoc|Any CPU.Build.0 = Release|Any CPU
		{812FC00C-040D-4A9E-B928-14A135F3981A}.Ad-Hoc|Any CPU.Deploy.0 = Release|Any CPU
		{812FC00C-040D-4A9E-B928-14A135F3981A}.Ad-Hoc|ARM.ActiveCfg = Release|Any CPU
		{812FC00C-040D-4A9E-B928-14A135F3981A}.Ad-Hoc|ARM.Build.0 = Release|Any CPU
		{812FC00C-040D-4A9E-B928-14A135F3981A}.Ad-Hoc|ARM.Deploy.0 = Release|Any CPU
		{812FC00C-040D-4A9E-B928-14A135F3981A}.Ad-Hoc|iPhone.ActiveCfg = Release|Any CPU
		{812FC00C-040D-4A9E-B928-14A135F3981A}.Ad-Hoc|iPhone.Build.0 = Release|Any CPU
		{812FC00C-040D-4A9E-B928-14A135F3981A}.Ad-Hoc|iPhone.Deploy.0 = Release|Any CPU
		{812FC00C-040D-4A9E-B928-14A135F3981A}.Ad-Hoc|iPhoneSimulator.ActiveCfg = Release|Any CPU
		{812FC00C-040D-4A9E-B928-14A135F3981A}.Ad-Hoc|iPhoneSimulator.Build.0 = Release|Any CPU
		{812FC00C-040D-4A9E-B928-14A135F3981A}.Ad-Hoc|iPhoneSimulator.Deploy.0 = Release|Any CPU
		{812FC00C-040D-4A9E-B928-14A135F3981A}.Ad-Hoc|x64.ActiveCfg = Release|Any CPU
		{812FC00C-040D-4A9E-B928-14A135F3981A}.Ad-Hoc|x64.Build.0 = Release|Any CPU
		{812FC00C-040D-4A9E-B928-14A135F3981A}.Ad-Hoc|x64.Deploy.0 = Release|Any CPU
		{812FC00C-040D-4A9E-B928-14A135F3981A}.Ad-Hoc|x86.ActiveCfg = Release|Any CPU
		{812FC00C-040D-4A9E-B928-14A135F3981A}.Ad-Hoc|x86.Build.0 = Release|Any CPU
		{812FC00C-040D-4A9E-B928-14A135F3981A}.Ad-Hoc|x86.Deploy.0 = Release|Any CPU
		{812FC00C-040D-4A9E-B928-14A135F3981A}.AppStore|Any CPU.ActiveCfg = Release|Any CPU
		{812FC00C-040D-4A9E-B928-14A135F3981A}.AppStore|Any CPU.Build.0 = Release|Any CPU
		{812FC00C-040D-4A9E-B928-14A135F3981A}.AppStore|Any CPU.Deploy.0 = Release|Any CPU
		{812FC00C-040D-4A9E-B928-14A135F3981A}.AppStore|ARM.ActiveCfg = Release|Any CPU
		{812FC00C-040D-4A9E-B928-14A135F3981A}.AppStore|ARM.Build.0 = Release|Any CPU
		{812FC00C-040D-4A9E-B928-14A135F3981A}.AppStore|ARM.Deploy.0 = Release|Any CPU
		{812FC00C-040D-4A9E-B928-14A135F3981A}.AppStore|iPhone.ActiveCfg = Release|Any CPU
		{812FC00C-040D-4A9E-B928-14A135F3981A}.AppStore|iPhone.Build.0 = Release|Any CPU
		{812FC00C-040D-4A9E-B928-14A135F3981A}.AppStore|iPhone.Deploy.0 = Release|Any CPU
		{812FC00C-040D-4A9E-B928-14A135F3981A}.AppStore|iPhoneSimulator.ActiveCfg = Release|Any CPU
		{812FC00C-040D-4A9E-B928-14A135F3981A}.AppStore|iPhoneSimulator.Build.0 = Release|Any CPU
		{812FC00C-040D-4A9E-B928-14A135F3981A}.AppStore|iPhoneSimulator.Deploy.0 = Release|Any CPU
		{812FC00C-040D-4A9E-B928-14A135F3981A}.AppStore|x64.ActiveCfg = Release|Any CPU
		{812FC00C-040D-4A9E-B928-14A135F3981A}.AppStore|x64.Build.0 = Release|Any CPU
		{812FC00C-040D-4A9E-B928-14A135F3981A}.AppStore|x64.Deploy.0 = Release|Any CPU
		{812FC00C-040D-4A9E-B928-14A135F3981A}.AppStore|x86.ActiveCfg = Release|Any CPU
		{812FC00C-040D-4A9E-B928-14A135F3981A}.AppStore|x86.Build.0 = Release|Any CPU
		{812FC00C-040D-4A9E-B928-14A135F3981A}.AppStore|x86.Deploy.0 = Release|Any CPU
		{812FC00C-040D-4A9E-B928-14A135F3981A}.Debug|Any CPU.ActiveCfg = Debug|Any CPU
		{812FC00C-040D-4A9E-B928-14A135F3981A}.Debug|Any CPU.Build.0 = Debug|Any CPU
		{812FC00C-040D-4A9E-B928-14A135F3981A}.Debug|Any CPU.Deploy.0 = Debug|Any CPU
		{812FC00C-040D-4A9E-B928-14A135F3981A}.Debug|ARM.ActiveCfg = Debug|Any CPU
		{812FC00C-040D-4A9E-B928-14A135F3981A}.Debug|ARM.Build.0 = Debug|Any CPU
		{812FC00C-040D-4A9E-B928-14A135F3981A}.Debug|ARM.Deploy.0 = Debug|Any CPU
		{812FC00C-040D-4A9E-B928-14A135F3981A}.Debug|iPhone.ActiveCfg = Debug|Any CPU
		{812FC00C-040D-4A9E-B928-14A135F3981A}.Debug|iPhone.Build.0 = Debug|Any CPU
		{812FC00C-040D-4A9E-B928-14A135F3981A}.Debug|iPhone.Deploy.0 = Debug|Any CPU
		{812FC00C-040D-4A9E-B928-14A135F3981A}.Debug|iPhoneSimulator.ActiveCfg = Debug|Any CPU
		{812FC00C-040D-4A9E-B928-14A135F3981A}.Debug|iPhoneSimulator.Build.0 = Debug|Any CPU
		{812FC00C-040D-4A9E-B928-14A135F3981A}.Debug|iPhoneSimulator.Deploy.0 = Debug|Any CPU
		{812FC00C-040D-4A9E-B928-14A135F3981A}.Debug|x64.ActiveCfg = Debug|Any CPU
		{812FC00C-040D-4A9E-B928-14A135F3981A}.Debug|x64.Build.0 = Debug|Any CPU
		{812FC00C-040D-4A9E-B928-14A135F3981A}.Debug|x64.Deploy.0 = Debug|Any CPU
		{812FC00C-040D-4A9E-B928-14A135F3981A}.Debug|x86.ActiveCfg = Debug|Any CPU
		{812FC00C-040D-4A9E-B928-14A135F3981A}.Debug|x86.Build.0 = Debug|Any CPU
		{812FC00C-040D-4A9E-B928-14A135F3981A}.Debug|x86.Deploy.0 = Debug|Any CPU
		{812FC00C-040D-4A9E-B928-14A135F3981A}.Release|Any CPU.ActiveCfg = Release|Any CPU
		{812FC00C-040D-4A9E-B928-14A135F3981A}.Release|Any CPU.Build.0 = Release|Any CPU
		{812FC00C-040D-4A9E-B928-14A135F3981A}.Release|Any CPU.Deploy.0 = Release|Any CPU
		{812FC00C-040D-4A9E-B928-14A135F3981A}.Release|ARM.ActiveCfg = Release|Any CPU
		{812FC00C-040D-4A9E-B928-14A135F3981A}.Release|ARM.Build.0 = Release|Any CPU
		{812FC00C-040D-4A9E-B928-14A135F3981A}.Release|ARM.Deploy.0 = Release|Any CPU
		{812FC00C-040D-4A9E-B928-14A135F3981A}.Release|iPhone.ActiveCfg = Release|Any CPU
		{812FC00C-040D-4A9E-B928-14A135F3981A}.Release|iPhone.Build.0 = Release|Any CPU
		{812FC00C-040D-4A9E-B928-14A135F3981A}.Release|iPhone.Deploy.0 = Release|Any CPU
		{812FC00C-040D-4A9E-B928-14A135F3981A}.Release|iPhoneSimulator.ActiveCfg = Release|Any CPU
		{812FC00C-040D-4A9E-B928-14A135F3981A}.Release|iPhoneSimulator.Build.0 = Release|Any CPU
		{812FC00C-040D-4A9E-B928-14A135F3981A}.Release|iPhoneSimulator.Deploy.0 = Release|Any CPU
		{812FC00C-040D-4A9E-B928-14A135F3981A}.Release|x64.ActiveCfg = Release|Any CPU
		{812FC00C-040D-4A9E-B928-14A135F3981A}.Release|x64.Build.0 = Release|Any CPU
		{812FC00C-040D-4A9E-B928-14A135F3981A}.Release|x64.Deploy.0 = Release|Any CPU
		{812FC00C-040D-4A9E-B928-14A135F3981A}.Release|x86.ActiveCfg = Release|Any CPU
		{812FC00C-040D-4A9E-B928-14A135F3981A}.Release|x86.Build.0 = Release|Any CPU
		{812FC00C-040D-4A9E-B928-14A135F3981A}.Release|x86.Deploy.0 = Release|Any CPU
		{1BBCF47C-1874-48FA-BE3D-50A7C1FB5B78}.Ad-Hoc|Any CPU.ActiveCfg = Ad-Hoc|iPhone
		{1BBCF47C-1874-48FA-BE3D-50A7C1FB5B78}.Ad-Hoc|ARM.ActiveCfg = Ad-Hoc|iPhone
		{1BBCF47C-1874-48FA-BE3D-50A7C1FB5B78}.Ad-Hoc|iPhone.ActiveCfg = Ad-Hoc|iPhone
		{1BBCF47C-1874-48FA-BE3D-50A7C1FB5B78}.Ad-Hoc|iPhone.Build.0 = Ad-Hoc|iPhone
		{1BBCF47C-1874-48FA-BE3D-50A7C1FB5B78}.Ad-Hoc|iPhoneSimulator.ActiveCfg = Ad-Hoc|iPhoneSimulator
		{1BBCF47C-1874-48FA-BE3D-50A7C1FB5B78}.Ad-Hoc|iPhoneSimulator.Build.0 = Ad-Hoc|iPhoneSimulator
		{1BBCF47C-1874-48FA-BE3D-50A7C1FB5B78}.Ad-Hoc|x64.ActiveCfg = Ad-Hoc|iPhone
		{1BBCF47C-1874-48FA-BE3D-50A7C1FB5B78}.Ad-Hoc|x86.ActiveCfg = Ad-Hoc|iPhone
		{1BBCF47C-1874-48FA-BE3D-50A7C1FB5B78}.AppStore|Any CPU.ActiveCfg = AppStore|iPhone
		{1BBCF47C-1874-48FA-BE3D-50A7C1FB5B78}.AppStore|ARM.ActiveCfg = AppStore|iPhone
		{1BBCF47C-1874-48FA-BE3D-50A7C1FB5B78}.AppStore|iPhone.ActiveCfg = AppStore|iPhone
		{1BBCF47C-1874-48FA-BE3D-50A7C1FB5B78}.AppStore|iPhone.Build.0 = AppStore|iPhone
		{1BBCF47C-1874-48FA-BE3D-50A7C1FB5B78}.AppStore|iPhoneSimulator.ActiveCfg = AppStore|iPhoneSimulator
		{1BBCF47C-1874-48FA-BE3D-50A7C1FB5B78}.AppStore|iPhoneSimulator.Build.0 = AppStore|iPhoneSimulator
		{1BBCF47C-1874-48FA-BE3D-50A7C1FB5B78}.AppStore|x64.ActiveCfg = AppStore|iPhone
		{1BBCF47C-1874-48FA-BE3D-50A7C1FB5B78}.AppStore|x86.ActiveCfg = AppStore|iPhone
		{1BBCF47C-1874-48FA-BE3D-50A7C1FB5B78}.Debug|Any CPU.ActiveCfg = Debug|iPhone
		{1BBCF47C-1874-48FA-BE3D-50A7C1FB5B78}.Debug|ARM.ActiveCfg = Debug|iPhone
		{1BBCF47C-1874-48FA-BE3D-50A7C1FB5B78}.Debug|iPhone.ActiveCfg = Debug|iPhone
		{1BBCF47C-1874-48FA-BE3D-50A7C1FB5B78}.Debug|iPhone.Build.0 = Debug|iPhone
		{1BBCF47C-1874-48FA-BE3D-50A7C1FB5B78}.Debug|iPhoneSimulator.ActiveCfg = Debug|iPhoneSimulator
		{1BBCF47C-1874-48FA-BE3D-50A7C1FB5B78}.Debug|iPhoneSimulator.Build.0 = Debug|iPhoneSimulator
		{1BBCF47C-1874-48FA-BE3D-50A7C1FB5B78}.Debug|x64.ActiveCfg = Debug|iPhone
		{1BBCF47C-1874-48FA-BE3D-50A7C1FB5B78}.Debug|x86.ActiveCfg = Debug|iPhone
		{1BBCF47C-1874-48FA-BE3D-50A7C1FB5B78}.Release|Any CPU.ActiveCfg = Release|iPhone
		{1BBCF47C-1874-48FA-BE3D-50A7C1FB5B78}.Release|ARM.ActiveCfg = Release|iPhone
		{1BBCF47C-1874-48FA-BE3D-50A7C1FB5B78}.Release|iPhone.ActiveCfg = Release|iPhone
		{1BBCF47C-1874-48FA-BE3D-50A7C1FB5B78}.Release|iPhone.Build.0 = Release|iPhone
		{1BBCF47C-1874-48FA-BE3D-50A7C1FB5B78}.Release|iPhoneSimulator.ActiveCfg = Release|iPhoneSimulator
		{1BBCF47C-1874-48FA-BE3D-50A7C1FB5B78}.Release|iPhoneSimulator.Build.0 = Release|iPhoneSimulator
		{1BBCF47C-1874-48FA-BE3D-50A7C1FB5B78}.Release|x64.ActiveCfg = Release|iPhone
		{1BBCF47C-1874-48FA-BE3D-50A7C1FB5B78}.Release|x86.ActiveCfg = Release|iPhone
		{1775D417-D404-446B-AC4F-CDFAA51A3EEC}.Ad-Hoc|Any CPU.ActiveCfg = Release|Any CPU
		{1775D417-D404-446B-AC4F-CDFAA51A3EEC}.Ad-Hoc|Any CPU.Build.0 = Release|Any CPU
		{1775D417-D404-446B-AC4F-CDFAA51A3EEC}.Ad-Hoc|Any CPU.Deploy.0 = Release|Any CPU
		{1775D417-D404-446B-AC4F-CDFAA51A3EEC}.Ad-Hoc|ARM.ActiveCfg = Release|ARM
		{1775D417-D404-446B-AC4F-CDFAA51A3EEC}.Ad-Hoc|ARM.Build.0 = Release|ARM
		{1775D417-D404-446B-AC4F-CDFAA51A3EEC}.Ad-Hoc|ARM.Deploy.0 = Release|ARM
		{1775D417-D404-446B-AC4F-CDFAA51A3EEC}.Ad-Hoc|iPhone.ActiveCfg = Release|Any CPU
		{1775D417-D404-446B-AC4F-CDFAA51A3EEC}.Ad-Hoc|iPhone.Build.0 = Release|Any CPU
		{1775D417-D404-446B-AC4F-CDFAA51A3EEC}.Ad-Hoc|iPhone.Deploy.0 = Release|Any CPU
		{1775D417-D404-446B-AC4F-CDFAA51A3EEC}.Ad-Hoc|iPhoneSimulator.ActiveCfg = Release|Any CPU
		{1775D417-D404-446B-AC4F-CDFAA51A3EEC}.Ad-Hoc|iPhoneSimulator.Build.0 = Release|Any CPU
		{1775D417-D404-446B-AC4F-CDFAA51A3EEC}.Ad-Hoc|iPhoneSimulator.Deploy.0 = Release|Any CPU
		{1775D417-D404-446B-AC4F-CDFAA51A3EEC}.Ad-Hoc|x64.ActiveCfg = Release|Any CPU
		{1775D417-D404-446B-AC4F-CDFAA51A3EEC}.Ad-Hoc|x64.Build.0 = Release|Any CPU
		{1775D417-D404-446B-AC4F-CDFAA51A3EEC}.Ad-Hoc|x64.Deploy.0 = Release|Any CPU
		{1775D417-D404-446B-AC4F-CDFAA51A3EEC}.Ad-Hoc|x86.ActiveCfg = Release|x86
		{1775D417-D404-446B-AC4F-CDFAA51A3EEC}.Ad-Hoc|x86.Build.0 = Release|x86
		{1775D417-D404-446B-AC4F-CDFAA51A3EEC}.Ad-Hoc|x86.Deploy.0 = Release|x86
		{1775D417-D404-446B-AC4F-CDFAA51A3EEC}.AppStore|Any CPU.ActiveCfg = Release|Any CPU
		{1775D417-D404-446B-AC4F-CDFAA51A3EEC}.AppStore|Any CPU.Build.0 = Release|Any CPU
		{1775D417-D404-446B-AC4F-CDFAA51A3EEC}.AppStore|Any CPU.Deploy.0 = Release|Any CPU
		{1775D417-D404-446B-AC4F-CDFAA51A3EEC}.AppStore|ARM.ActiveCfg = Release|ARM
		{1775D417-D404-446B-AC4F-CDFAA51A3EEC}.AppStore|ARM.Build.0 = Release|ARM
		{1775D417-D404-446B-AC4F-CDFAA51A3EEC}.AppStore|ARM.Deploy.0 = Release|ARM
		{1775D417-D404-446B-AC4F-CDFAA51A3EEC}.AppStore|iPhone.ActiveCfg = Release|Any CPU
		{1775D417-D404-446B-AC4F-CDFAA51A3EEC}.AppStore|iPhone.Build.0 = Release|Any CPU
		{1775D417-D404-446B-AC4F-CDFAA51A3EEC}.AppStore|iPhone.Deploy.0 = Release|Any CPU
		{1775D417-D404-446B-AC4F-CDFAA51A3EEC}.AppStore|iPhoneSimulator.ActiveCfg = Release|Any CPU
		{1775D417-D404-446B-AC4F-CDFAA51A3EEC}.AppStore|iPhoneSimulator.Build.0 = Release|Any CPU
		{1775D417-D404-446B-AC4F-CDFAA51A3EEC}.AppStore|iPhoneSimulator.Deploy.0 = Release|Any CPU
		{1775D417-D404-446B-AC4F-CDFAA51A3EEC}.AppStore|x64.ActiveCfg = Release|Any CPU
		{1775D417-D404-446B-AC4F-CDFAA51A3EEC}.AppStore|x64.Build.0 = Release|Any CPU
		{1775D417-D404-446B-AC4F-CDFAA51A3EEC}.AppStore|x64.Deploy.0 = Release|Any CPU
		{1775D417-D404-446B-AC4F-CDFAA51A3EEC}.AppStore|x86.ActiveCfg = Release|x86
		{1775D417-D404-446B-AC4F-CDFAA51A3EEC}.AppStore|x86.Build.0 = Release|x86
		{1775D417-D404-446B-AC4F-CDFAA51A3EEC}.AppStore|x86.Deploy.0 = Release|x86
		{1775D417-D404-446B-AC4F-CDFAA51A3EEC}.Debug|Any CPU.ActiveCfg = Debug|Any CPU
		{1775D417-D404-446B-AC4F-CDFAA51A3EEC}.Debug|Any CPU.Build.0 = Debug|Any CPU
		{1775D417-D404-446B-AC4F-CDFAA51A3EEC}.Debug|Any CPU.Deploy.0 = Debug|Any CPU
		{1775D417-D404-446B-AC4F-CDFAA51A3EEC}.Debug|ARM.ActiveCfg = Debug|ARM
		{1775D417-D404-446B-AC4F-CDFAA51A3EEC}.Debug|ARM.Build.0 = Debug|ARM
		{1775D417-D404-446B-AC4F-CDFAA51A3EEC}.Debug|ARM.Deploy.0 = Debug|ARM
		{1775D417-D404-446B-AC4F-CDFAA51A3EEC}.Debug|iPhone.ActiveCfg = Debug|Any CPU
		{1775D417-D404-446B-AC4F-CDFAA51A3EEC}.Debug|iPhone.Build.0 = Debug|Any CPU
		{1775D417-D404-446B-AC4F-CDFAA51A3EEC}.Debug|iPhone.Deploy.0 = Debug|Any CPU
		{1775D417-D404-446B-AC4F-CDFAA51A3EEC}.Debug|iPhoneSimulator.ActiveCfg = Debug|Any CPU
		{1775D417-D404-446B-AC4F-CDFAA51A3EEC}.Debug|iPhoneSimulator.Build.0 = Debug|Any CPU
		{1775D417-D404-446B-AC4F-CDFAA51A3EEC}.Debug|iPhoneSimulator.Deploy.0 = Debug|Any CPU
		{1775D417-D404-446B-AC4F-CDFAA51A3EEC}.Debug|x64.ActiveCfg = Debug|Any CPU
		{1775D417-D404-446B-AC4F-CDFAA51A3EEC}.Debug|x64.Build.0 = Debug|Any CPU
		{1775D417-D404-446B-AC4F-CDFAA51A3EEC}.Debug|x64.Deploy.0 = Debug|Any CPU
		{1775D417-D404-446B-AC4F-CDFAA51A3EEC}.Debug|x86.ActiveCfg = Debug|x86
		{1775D417-D404-446B-AC4F-CDFAA51A3EEC}.Debug|x86.Build.0 = Debug|x86
		{1775D417-D404-446B-AC4F-CDFAA51A3EEC}.Debug|x86.Deploy.0 = Debug|x86
		{1775D417-D404-446B-AC4F-CDFAA51A3EEC}.Release|Any CPU.ActiveCfg = Release|Any CPU
		{1775D417-D404-446B-AC4F-CDFAA51A3EEC}.Release|Any CPU.Build.0 = Release|Any CPU
		{1775D417-D404-446B-AC4F-CDFAA51A3EEC}.Release|Any CPU.Deploy.0 = Release|Any CPU
		{1775D417-D404-446B-AC4F-CDFAA51A3EEC}.Release|ARM.ActiveCfg = Release|ARM
		{1775D417-D404-446B-AC4F-CDFAA51A3EEC}.Release|ARM.Build.0 = Release|ARM
		{1775D417-D404-446B-AC4F-CDFAA51A3EEC}.Release|ARM.Deploy.0 = Release|ARM
		{1775D417-D404-446B-AC4F-CDFAA51A3EEC}.Release|iPhone.ActiveCfg = Release|Any CPU
		{1775D417-D404-446B-AC4F-CDFAA51A3EEC}.Release|iPhone.Build.0 = Release|Any CPU
		{1775D417-D404-446B-AC4F-CDFAA51A3EEC}.Release|iPhone.Deploy.0 = Release|Any CPU
		{1775D417-D404-446B-AC4F-CDFAA51A3EEC}.Release|iPhoneSimulator.ActiveCfg = Release|Any CPU
		{1775D417-D404-446B-AC4F-CDFAA51A3EEC}.Release|iPhoneSimulator.Build.0 = Release|Any CPU
		{1775D417-D404-446B-AC4F-CDFAA51A3EEC}.Release|iPhoneSimulator.Deploy.0 = Release|Any CPU
		{1775D417-D404-446B-AC4F-CDFAA51A3EEC}.Release|x64.ActiveCfg = Release|Any CPU
		{1775D417-D404-446B-AC4F-CDFAA51A3EEC}.Release|x64.Build.0 = Release|Any CPU
		{1775D417-D404-446B-AC4F-CDFAA51A3EEC}.Release|x64.Deploy.0 = Release|Any CPU
		{1775D417-D404-446B-AC4F-CDFAA51A3EEC}.Release|x86.ActiveCfg = Release|x86
		{1775D417-D404-446B-AC4F-CDFAA51A3EEC}.Release|x86.Build.0 = Release|x86
		{1775D417-D404-446B-AC4F-CDFAA51A3EEC}.Release|x86.Deploy.0 = Release|x86
		{DA563F1B-E3E3-4762-92FD-4B4CC5513238}.Ad-Hoc|Any CPU.ActiveCfg = Release|x86
		{DA563F1B-E3E3-4762-92FD-4B4CC5513238}.Ad-Hoc|Any CPU.Build.0 = Release|x86
		{DA563F1B-E3E3-4762-92FD-4B4CC5513238}.Ad-Hoc|Any CPU.Deploy.0 = Release|x86
		{DA563F1B-E3E3-4762-92FD-4B4CC5513238}.Ad-Hoc|ARM.ActiveCfg = Release|ARM
		{DA563F1B-E3E3-4762-92FD-4B4CC5513238}.Ad-Hoc|ARM.Build.0 = Release|ARM
		{DA563F1B-E3E3-4762-92FD-4B4CC5513238}.Ad-Hoc|ARM.Deploy.0 = Release|ARM
		{DA563F1B-E3E3-4762-92FD-4B4CC5513238}.Ad-Hoc|iPhone.ActiveCfg = Release|x86
		{DA563F1B-E3E3-4762-92FD-4B4CC5513238}.Ad-Hoc|iPhone.Build.0 = Release|x86
		{DA563F1B-E3E3-4762-92FD-4B4CC5513238}.Ad-Hoc|iPhone.Deploy.0 = Release|x86
		{DA563F1B-E3E3-4762-92FD-4B4CC5513238}.Ad-Hoc|iPhoneSimulator.ActiveCfg = Release|x86
		{DA563F1B-E3E3-4762-92FD-4B4CC5513238}.Ad-Hoc|iPhoneSimulator.Build.0 = Release|x86
		{DA563F1B-E3E3-4762-92FD-4B4CC5513238}.Ad-Hoc|iPhoneSimulator.Deploy.0 = Release|x86
		{DA563F1B-E3E3-4762-92FD-4B4CC5513238}.Ad-Hoc|x64.ActiveCfg = Release|x64
		{DA563F1B-E3E3-4762-92FD-4B4CC5513238}.Ad-Hoc|x64.Build.0 = Release|x64
		{DA563F1B-E3E3-4762-92FD-4B4CC5513238}.Ad-Hoc|x64.Deploy.0 = Release|x64
		{DA563F1B-E3E3-4762-92FD-4B4CC5513238}.Ad-Hoc|x86.ActiveCfg = Release|x86
		{DA563F1B-E3E3-4762-92FD-4B4CC5513238}.Ad-Hoc|x86.Build.0 = Release|x86
		{DA563F1B-E3E3-4762-92FD-4B4CC5513238}.Ad-Hoc|x86.Deploy.0 = Release|x86
		{DA563F1B-E3E3-4762-92FD-4B4CC5513238}.AppStore|Any CPU.ActiveCfg = Release|x86
		{DA563F1B-E3E3-4762-92FD-4B4CC5513238}.AppStore|Any CPU.Build.0 = Release|x86
		{DA563F1B-E3E3-4762-92FD-4B4CC5513238}.AppStore|Any CPU.Deploy.0 = Release|x86
		{DA563F1B-E3E3-4762-92FD-4B4CC5513238}.AppStore|ARM.ActiveCfg = Release|ARM
		{DA563F1B-E3E3-4762-92FD-4B4CC5513238}.AppStore|ARM.Build.0 = Release|ARM
		{DA563F1B-E3E3-4762-92FD-4B4CC5513238}.AppStore|ARM.Deploy.0 = Release|ARM
		{DA563F1B-E3E3-4762-92FD-4B4CC5513238}.AppStore|iPhone.ActiveCfg = Release|x86
		{DA563F1B-E3E3-4762-92FD-4B4CC5513238}.AppStore|iPhone.Build.0 = Release|x86
		{DA563F1B-E3E3-4762-92FD-4B4CC5513238}.AppStore|iPhone.Deploy.0 = Release|x86
		{DA563F1B-E3E3-4762-92FD-4B4CC5513238}.AppStore|iPhoneSimulator.ActiveCfg = Release|x86
		{DA563F1B-E3E3-4762-92FD-4B4CC5513238}.AppStore|iPhoneSimulator.Build.0 = Release|x86
		{DA563F1B-E3E3-4762-92FD-4B4CC5513238}.AppStore|iPhoneSimulator.Deploy.0 = Release|x86
		{DA563F1B-E3E3-4762-92FD-4B4CC5513238}.AppStore|x64.ActiveCfg = Release|x64
		{DA563F1B-E3E3-4762-92FD-4B4CC5513238}.AppStore|x64.Build.0 = Release|x64
		{DA563F1B-E3E3-4762-92FD-4B4CC5513238}.AppStore|x64.Deploy.0 = Release|x64
		{DA563F1B-E3E3-4762-92FD-4B4CC5513238}.AppStore|x86.ActiveCfg = Release|x86
		{DA563F1B-E3E3-4762-92FD-4B4CC5513238}.AppStore|x86.Build.0 = Release|x86
		{DA563F1B-E3E3-4762-92FD-4B4CC5513238}.AppStore|x86.Deploy.0 = Release|x86
		{DA563F1B-E3E3-4762-92FD-4B4CC5513238}.Debug|Any CPU.ActiveCfg = Debug|x86
		{DA563F1B-E3E3-4762-92FD-4B4CC5513238}.Debug|ARM.ActiveCfg = Debug|ARM
		{DA563F1B-E3E3-4762-92FD-4B4CC5513238}.Debug|ARM.Build.0 = Debug|ARM
		{DA563F1B-E3E3-4762-92FD-4B4CC5513238}.Debug|ARM.Deploy.0 = Debug|ARM
		{DA563F1B-E3E3-4762-92FD-4B4CC5513238}.Debug|iPhone.ActiveCfg = Debug|x86
		{DA563F1B-E3E3-4762-92FD-4B4CC5513238}.Debug|iPhoneSimulator.ActiveCfg = Debug|x86
		{DA563F1B-E3E3-4762-92FD-4B4CC5513238}.Debug|x64.ActiveCfg = Debug|x64
		{DA563F1B-E3E3-4762-92FD-4B4CC5513238}.Debug|x64.Build.0 = Debug|x64
		{DA563F1B-E3E3-4762-92FD-4B4CC5513238}.Debug|x64.Deploy.0 = Debug|x64
		{DA563F1B-E3E3-4762-92FD-4B4CC5513238}.Debug|x86.ActiveCfg = Debug|x86
		{DA563F1B-E3E3-4762-92FD-4B4CC5513238}.Debug|x86.Build.0 = Debug|x86
		{DA563F1B-E3E3-4762-92FD-4B4CC5513238}.Debug|x86.Deploy.0 = Debug|x86
		{DA563F1B-E3E3-4762-92FD-4B4CC5513238}.Release|Any CPU.ActiveCfg = Release|x86
		{DA563F1B-E3E3-4762-92FD-4B4CC5513238}.Release|ARM.ActiveCfg = Release|ARM
		{DA563F1B-E3E3-4762-92FD-4B4CC5513238}.Release|ARM.Build.0 = Release|ARM
		{DA563F1B-E3E3-4762-92FD-4B4CC5513238}.Release|ARM.Deploy.0 = Release|ARM
		{DA563F1B-E3E3-4762-92FD-4B4CC5513238}.Release|iPhone.ActiveCfg = Release|x86
		{DA563F1B-E3E3-4762-92FD-4B4CC5513238}.Release|iPhoneSimulator.ActiveCfg = Release|x86
		{DA563F1B-E3E3-4762-92FD-4B4CC5513238}.Release|x64.ActiveCfg = Release|x64
		{DA563F1B-E3E3-4762-92FD-4B4CC5513238}.Release|x64.Build.0 = Release|x64
		{DA563F1B-E3E3-4762-92FD-4B4CC5513238}.Release|x64.Deploy.0 = Release|x64
		{DA563F1B-E3E3-4762-92FD-4B4CC5513238}.Release|x86.ActiveCfg = Release|x86
		{DA563F1B-E3E3-4762-92FD-4B4CC5513238}.Release|x86.Build.0 = Release|x86
		{DA563F1B-E3E3-4762-92FD-4B4CC5513238}.Release|x86.Deploy.0 = Release|x86
		{B3DC8F46-FC5A-4879-B0B4-F407CBE84EBD}.Ad-Hoc|Any CPU.ActiveCfg = Release|Any CPU
		{B3DC8F46-FC5A-4879-B0B4-F407CBE84EBD}.Ad-Hoc|Any CPU.Build.0 = Release|Any CPU
		{B3DC8F46-FC5A-4879-B0B4-F407CBE84EBD}.Ad-Hoc|Any CPU.Deploy.0 = Release|Any CPU
		{B3DC8F46-FC5A-4879-B0B4-F407CBE84EBD}.Ad-Hoc|ARM.ActiveCfg = Release|ARM
		{B3DC8F46-FC5A-4879-B0B4-F407CBE84EBD}.Ad-Hoc|ARM.Build.0 = Release|ARM
		{B3DC8F46-FC5A-4879-B0B4-F407CBE84EBD}.Ad-Hoc|ARM.Deploy.0 = Release|ARM
		{B3DC8F46-FC5A-4879-B0B4-F407CBE84EBD}.Ad-Hoc|iPhone.ActiveCfg = Release|Any CPU
		{B3DC8F46-FC5A-4879-B0B4-F407CBE84EBD}.Ad-Hoc|iPhone.Build.0 = Release|Any CPU
		{B3DC8F46-FC5A-4879-B0B4-F407CBE84EBD}.Ad-Hoc|iPhone.Deploy.0 = Release|Any CPU
		{B3DC8F46-FC5A-4879-B0B4-F407CBE84EBD}.Ad-Hoc|iPhoneSimulator.ActiveCfg = Release|Any CPU
		{B3DC8F46-FC5A-4879-B0B4-F407CBE84EBD}.Ad-Hoc|iPhoneSimulator.Build.0 = Release|Any CPU
		{B3DC8F46-FC5A-4879-B0B4-F407CBE84EBD}.Ad-Hoc|iPhoneSimulator.Deploy.0 = Release|Any CPU
		{B3DC8F46-FC5A-4879-B0B4-F407CBE84EBD}.Ad-Hoc|x64.ActiveCfg = Release|x64
		{B3DC8F46-FC5A-4879-B0B4-F407CBE84EBD}.Ad-Hoc|x64.Build.0 = Release|x64
		{B3DC8F46-FC5A-4879-B0B4-F407CBE84EBD}.Ad-Hoc|x64.Deploy.0 = Release|x64
		{B3DC8F46-FC5A-4879-B0B4-F407CBE84EBD}.Ad-Hoc|x86.ActiveCfg = Release|x86
		{B3DC8F46-FC5A-4879-B0B4-F407CBE84EBD}.Ad-Hoc|x86.Build.0 = Release|x86
		{B3DC8F46-FC5A-4879-B0B4-F407CBE84EBD}.Ad-Hoc|x86.Deploy.0 = Release|x86
		{B3DC8F46-FC5A-4879-B0B4-F407CBE84EBD}.AppStore|Any CPU.ActiveCfg = Release|Any CPU
		{B3DC8F46-FC5A-4879-B0B4-F407CBE84EBD}.AppStore|Any CPU.Build.0 = Release|Any CPU
		{B3DC8F46-FC5A-4879-B0B4-F407CBE84EBD}.AppStore|Any CPU.Deploy.0 = Release|Any CPU
		{B3DC8F46-FC5A-4879-B0B4-F407CBE84EBD}.AppStore|ARM.ActiveCfg = Release|ARM
		{B3DC8F46-FC5A-4879-B0B4-F407CBE84EBD}.AppStore|ARM.Build.0 = Release|ARM
		{B3DC8F46-FC5A-4879-B0B4-F407CBE84EBD}.AppStore|ARM.Deploy.0 = Release|ARM
		{B3DC8F46-FC5A-4879-B0B4-F407CBE84EBD}.AppStore|iPhone.ActiveCfg = Release|Any CPU
		{B3DC8F46-FC5A-4879-B0B4-F407CBE84EBD}.AppStore|iPhone.Build.0 = Release|Any CPU
		{B3DC8F46-FC5A-4879-B0B4-F407CBE84EBD}.AppStore|iPhone.Deploy.0 = Release|Any CPU
		{B3DC8F46-FC5A-4879-B0B4-F407CBE84EBD}.AppStore|iPhoneSimulator.ActiveCfg = Release|Any CPU
		{B3DC8F46-FC5A-4879-B0B4-F407CBE84EBD}.AppStore|iPhoneSimulator.Build.0 = Release|Any CPU
		{B3DC8F46-FC5A-4879-B0B4-F407CBE84EBD}.AppStore|iPhoneSimulator.Deploy.0 = Release|Any CPU
		{B3DC8F46-FC5A-4879-B0B4-F407CBE84EBD}.AppStore|x64.ActiveCfg = Release|x64
		{B3DC8F46-FC5A-4879-B0B4-F407CBE84EBD}.AppStore|x64.Build.0 = Release|x64
		{B3DC8F46-FC5A-4879-B0B4-F407CBE84EBD}.AppStore|x64.Deploy.0 = Release|x64
		{B3DC8F46-FC5A-4879-B0B4-F407CBE84EBD}.AppStore|x86.ActiveCfg = Release|x86
		{B3DC8F46-FC5A-4879-B0B4-F407CBE84EBD}.AppStore|x86.Build.0 = Release|x86
		{B3DC8F46-FC5A-4879-B0B4-F407CBE84EBD}.AppStore|x86.Deploy.0 = Release|x86
		{B3DC8F46-FC5A-4879-B0B4-F407CBE84EBD}.Debug|Any CPU.ActiveCfg = Debug|Any CPU
		{B3DC8F46-FC5A-4879-B0B4-F407CBE84EBD}.Debug|Any CPU.Build.0 = Debug|Any CPU
		{B3DC8F46-FC5A-4879-B0B4-F407CBE84EBD}.Debug|Any CPU.Deploy.0 = Debug|Any CPU
		{B3DC8F46-FC5A-4879-B0B4-F407CBE84EBD}.Debug|ARM.ActiveCfg = Debug|ARM
		{B3DC8F46-FC5A-4879-B0B4-F407CBE84EBD}.Debug|ARM.Build.0 = Debug|ARM
		{B3DC8F46-FC5A-4879-B0B4-F407CBE84EBD}.Debug|ARM.Deploy.0 = Debug|ARM
		{B3DC8F46-FC5A-4879-B0B4-F407CBE84EBD}.Debug|iPhone.ActiveCfg = Debug|Any CPU
		{B3DC8F46-FC5A-4879-B0B4-F407CBE84EBD}.Debug|iPhone.Build.0 = Debug|Any CPU
		{B3DC8F46-FC5A-4879-B0B4-F407CBE84EBD}.Debug|iPhone.Deploy.0 = Debug|Any CPU
		{B3DC8F46-FC5A-4879-B0B4-F407CBE84EBD}.Debug|iPhoneSimulator.ActiveCfg = Debug|Any CPU
		{B3DC8F46-FC5A-4879-B0B4-F407CBE84EBD}.Debug|iPhoneSimulator.Build.0 = Debug|Any CPU
		{B3DC8F46-FC5A-4879-B0B4-F407CBE84EBD}.Debug|iPhoneSimulator.Deploy.0 = Debug|Any CPU
		{B3DC8F46-FC5A-4879-B0B4-F407CBE84EBD}.Debug|x64.ActiveCfg = Debug|x64
		{B3DC8F46-FC5A-4879-B0B4-F407CBE84EBD}.Debug|x64.Build.0 = Debug|x64
		{B3DC8F46-FC5A-4879-B0B4-F407CBE84EBD}.Debug|x64.Deploy.0 = Debug|x64
		{B3DC8F46-FC5A-4879-B0B4-F407CBE84EBD}.Debug|x86.ActiveCfg = Debug|x86
		{B3DC8F46-FC5A-4879-B0B4-F407CBE84EBD}.Debug|x86.Build.0 = Debug|x86
		{B3DC8F46-FC5A-4879-B0B4-F407CBE84EBD}.Debug|x86.Deploy.0 = Debug|x86
		{B3DC8F46-FC5A-4879-B0B4-F407CBE84EBD}.Release|Any CPU.ActiveCfg = Release|Any CPU
		{B3DC8F46-FC5A-4879-B0B4-F407CBE84EBD}.Release|Any CPU.Build.0 = Release|Any CPU
		{B3DC8F46-FC5A-4879-B0B4-F407CBE84EBD}.Release|Any CPU.Deploy.0 = Release|Any CPU
		{B3DC8F46-FC5A-4879-B0B4-F407CBE84EBD}.Release|ARM.ActiveCfg = Release|ARM
		{B3DC8F46-FC5A-4879-B0B4-F407CBE84EBD}.Release|ARM.Build.0 = Release|ARM
		{B3DC8F46-FC5A-4879-B0B4-F407CBE84EBD}.Release|ARM.Deploy.0 = Release|ARM
		{B3DC8F46-FC5A-4879-B0B4-F407CBE84EBD}.Release|iPhone.ActiveCfg = Release|Any CPU
		{B3DC8F46-FC5A-4879-B0B4-F407CBE84EBD}.Release|iPhone.Build.0 = Release|Any CPU
		{B3DC8F46-FC5A-4879-B0B4-F407CBE84EBD}.Release|iPhone.Deploy.0 = Release|Any CPU
		{B3DC8F46-FC5A-4879-B0B4-F407CBE84EBD}.Release|iPhoneSimulator.ActiveCfg = Release|Any CPU
		{B3DC8F46-FC5A-4879-B0B4-F407CBE84EBD}.Release|iPhoneSimulator.Build.0 = Release|Any CPU
		{B3DC8F46-FC5A-4879-B0B4-F407CBE84EBD}.Release|iPhoneSimulator.Deploy.0 = Release|Any CPU
		{B3DC8F46-FC5A-4879-B0B4-F407CBE84EBD}.Release|x64.ActiveCfg = Release|x64
		{B3DC8F46-FC5A-4879-B0B4-F407CBE84EBD}.Release|x64.Build.0 = Release|x64
		{B3DC8F46-FC5A-4879-B0B4-F407CBE84EBD}.Release|x64.Deploy.0 = Release|x64
		{B3DC8F46-FC5A-4879-B0B4-F407CBE84EBD}.Release|x86.ActiveCfg = Release|x86
		{B3DC8F46-FC5A-4879-B0B4-F407CBE84EBD}.Release|x86.Build.0 = Release|x86
		{B3DC8F46-FC5A-4879-B0B4-F407CBE84EBD}.Release|x86.Deploy.0 = Release|x86
	EndGlobalSection
	GlobalSection(SolutionProperties) = preSolution
		HideSolutionNode = FALSE
	EndGlobalSection
EndGlobal
